# This file is automatically @generated by Cargo.
# It is not intended for manual editing.
version = 3

[[package]]
name = "data-type"
version = "0.1.0"

[[package]]
name = "flow"
version = "0.1.0"

[[package]]
name = "my-app"
version = "0.1.0"

[[package]]
name = "scrape-url"
version = "0.1.0"

[[package]]
name = "variables"
version = "0.1.0"
